// !$*UTF8*$!
{
	archiveVersion = 1;
	classes = {
	};
	objectVersion = 50;
	objects = {

/* Begin PBXBuildFile section */
		3AD3FA082684CCCB006C7CE5 /* AppDelegate.swift in Sources */ = {isa = PBXBuildFile; fileRef = 3AD3FA072684CCCB006C7CE5 /* AppDelegate.swift */; };
		3AD3FA0C2684CCCB006C7CE5 /* RateViewController.swift in Sources */ = {isa = PBXBuildFile; fileRef = 3AD3FA0B2684CCCB006C7CE5 /* RateViewController.swift */; };
		3AD3FA112684CCCC006C7CE5 /* Assets.xcassets in Resources */ = {isa = PBXBuildFile; fileRef = 3AD3FA102684CCCC006C7CE5 /* Assets.xcassets */; };
		3AD3FA142684CCCC006C7CE5 /* LaunchScreen.storyboard in Resources */ = {isa = PBXBuildFile; fileRef = 3AD3FA122684CCCC006C7CE5 /* LaunchScreen.storyboard */; };
		3AD3FA1C2684DFE0006C7CE5 /* Rate.swift in Sources */ = {isa = PBXBuildFile; fileRef = 3AD3FA1B2684DFE0006C7CE5 /* Rate.swift */; };
		3AF4F4FE2685153D004165B9 /* Parser.swift in Sources */ = {isa = PBXBuildFile; fileRef = 3AF4F4FD2685153D004165B9 /* Parser.swift */; };
		3AF4F5002685155E004165B9 /* FetchDate.swift in Sources */ = {isa = PBXBuildFile; fileRef = 3AF4F4FF2685155E004165B9 /* FetchDate.swift */; };
		3AF4F50426852183004165B9 /* RateTableHeaderView.swift in Sources */ = {isa = PBXBuildFile; fileRef = 3AF4F50326852183004165B9 /* RateTableHeaderView.swift */; };
		3AF4F50E2685302C004165B9 /* CoreDataStack.swift in Sources */ = {isa = PBXBuildFile; fileRef = 3AF4F50D2685302C004165B9 /* CoreDataStack.swift */; };
		3AF4F51226853262004165B9 /* RateData.xcdatamodeld in Sources */ = {isa = PBXBuildFile; fileRef = 3AF4F51026853262004165B9 /* RateData.xcdatamodeld */; };
		3AF4F515268532C2004165B9 /* RateDataModel+CoreDataClass.swift in Sources */ = {isa = PBXBuildFile; fileRef = 3AF4F513268532C2004165B9 /* RateDataModel+CoreDataClass.swift */; };
		3AF4F516268532C2004165B9 /* RateDataModel+CoreDataProperties.swift in Sources */ = {isa = PBXBuildFile; fileRef = 3AF4F514268532C2004165B9 /* RateDataModel+CoreDataProperties.swift */; };
		3AF4F51926854601004165B9 /* RateViewControllerDelegate.swift in Sources */ = {isa = PBXBuildFile; fileRef = 3AF4F51826854601004165B9 /* RateViewControllerDelegate.swift */; };
/* End PBXBuildFile section */

/* Begin PBXFileReference section */
		3AD3FA042684CCCB006C7CE5 /* DollarRate.app */ = {isa = PBXFileReference; explicitFileType = wrapper.application; includeInIndex = 0; path = DollarRate.app; sourceTree = BUILT_PRODUCTS_DIR; };
		3AD3FA072684CCCB006C7CE5 /* AppDelegate.swift */ = {isa = PBXFileReference; lastKnownFileType = sourcecode.swift; path = AppDelegate.swift; sourceTree = "<group>"; };
		3AD3FA0B2684CCCB006C7CE5 /* RateViewController.swift */ = {isa = PBXFileReference; lastKnownFileType = sourcecode.swift; path = RateViewController.swift; sourceTree = "<group>"; };
		3AD3FA102684CCCC006C7CE5 /* Assets.xcassets */ = {isa = PBXFileReference; lastKnownFileType = folder.assetcatalog; path = Assets.xcassets; sourceTree = "<group>"; };
		3AD3FA132684CCCC006C7CE5 /* Base */ = {isa = PBXFileReference; lastKnownFileType = file.storyboard; name = Base; path = Base.lproj/LaunchScreen.storyboard; sourceTree = "<group>"; };
		3AD3FA152684CCCC006C7CE5 /* Info.plist */ = {isa = PBXFileReference; lastKnownFileType = text.plist.xml; path = Info.plist; sourceTree = "<group>"; };
		3AD3FA1B2684DFE0006C7CE5 /* Rate.swift */ = {isa = PBXFileReference; lastKnownFileType = sourcecode.swift; path = Rate.swift; sourceTree = "<group>"; };
		3AF4F4FD2685153D004165B9 /* Parser.swift */ = {isa = PBXFileReference; lastKnownFileType = sourcecode.swift; path = Parser.swift; sourceTree = "<group>"; };
		3AF4F4FF2685155E004165B9 /* FetchDate.swift */ = {isa = PBXFileReference; lastKnownFileType = sourcecode.swift; path = FetchDate.swift; sourceTree = "<group>"; };
		3AF4F50326852183004165B9 /* RateTableHeaderView.swift */ = {isa = PBXFileReference; lastKnownFileType = sourcecode.swift; path = RateTableHeaderView.swift; sourceTree = "<group>"; };
		3AF4F50D2685302C004165B9 /* CoreDataStack.swift */ = {isa = PBXFileReference; lastKnownFileType = sourcecode.swift; path = CoreDataStack.swift; sourceTree = "<group>"; };
		3AF4F51126853262004165B9 /* RateData.xcdatamodel */ = {isa = PBXFileReference; lastKnownFileType = wrapper.xcdatamodel; path = RateData.xcdatamodel; sourceTree = "<group>"; };
		3AF4F513268532C2004165B9 /* RateDataModel+CoreDataClass.swift */ = {isa = PBXFileReference; lastKnownFileType = sourcecode.swift; path = "RateDataModel+CoreDataClass.swift"; sourceTree = "<group>"; };
		3AF4F514268532C2004165B9 /* RateDataModel+CoreDataProperties.swift */ = {isa = PBXFileReference; lastKnownFileType = sourcecode.swift; path = "RateDataModel+CoreDataProperties.swift"; sourceTree = "<group>"; };
		3AF4F51826854601004165B9 /* RateViewControllerDelegate.swift */ = {isa = PBXFileReference; lastKnownFileType = sourcecode.swift; path = RateViewControllerDelegate.swift; sourceTree = "<group>"; };
/* End PBXFileReference section */

/* Begin PBXFrameworksBuildPhase section */
		3AD3FA012684CCCB006C7CE5 /* Frameworks */ = {
			isa = PBXFrameworksBuildPhase;
			buildActionMask = 2147483647;
			files = (
			);
			runOnlyForDeploymentPostprocessing = 0;
		};
/* End PBXFrameworksBuildPhase section */

/* Begin PBXGroup section */
		3AD3F9FB2684CCCB006C7CE5 = {
			isa = PBXGroup;
			children = (
				3AD3FA062684CCCB006C7CE5 /* DollarRate */,
				3AD3FA052684CCCB006C7CE5 /* Products */,
			);
			sourceTree = "<group>";
		};
		3AD3FA052684CCCB006C7CE5 /* Products */ = {
			isa = PBXGroup;
			children = (
				3AD3FA042684CCCB006C7CE5 /* DollarRate.app */,
			);
			name = Products;
			sourceTree = "<group>";
		};
		3AD3FA062684CCCB006C7CE5 /* DollarRate */ = {
			isa = PBXGroup;
			children = (
				3AF4F50526852F5F004165B9 /* CoreData */,
				3AF4F5012685214A004165B9 /* TableView */,
				3AF4F4FC2685151B004165B9 /* Models */,
				3AD3FA072684CCCB006C7CE5 /* AppDelegate.swift */,
				3AD3FA102684CCCC006C7CE5 /* Assets.xcassets */,
				3AD3FA122684CCCC006C7CE5 /* LaunchScreen.storyboard */,
				3AD3FA152684CCCC006C7CE5 /* Info.plist */,
			);
			path = DollarRate;
			sourceTree = "<group>";
		};
		3AF4F4FC2685151B004165B9 /* Models */ = {
			isa = PBXGroup;
			children = (
				3AD3FA1B2684DFE0006C7CE5 /* Rate.swift */,
				3AF4F4FD2685153D004165B9 /* Parser.swift */,
				3AF4F4FF2685155E004165B9 /* FetchDate.swift */,
			);
			path = Models;
			sourceTree = "<group>";
		};
		3AF4F5012685214A004165B9 /* TableView */ = {
			isa = PBXGroup;
			children = (
				3AF4F50226852156004165B9 /* TableHeaderView */,
				3AD3FA0B2684CCCB006C7CE5 /* RateViewController.swift */,
				3AF4F51826854601004165B9 /* RateViewControllerDelegate.swift */,
			);
			path = TableView;
			sourceTree = "<group>";
		};
		3AF4F50226852156004165B9 /* TableHeaderView */ = {
			isa = PBXGroup;
			children = (
				3AF4F50326852183004165B9 /* RateTableHeaderView.swift */,
			);
			name = TableHeaderView;
			sourceTree = "<group>";
		};
		3AF4F50526852F5F004165B9 /* CoreData */ = {
			isa = PBXGroup;
			children = (
				3AF4F513268532C2004165B9 /* RateDataModel+CoreDataClass.swift */,
				3AF4F514268532C2004165B9 /* RateDataModel+CoreDataProperties.swift */,
				3AF4F50D2685302C004165B9 /* CoreDataStack.swift */,
				3AF4F51026853262004165B9 /* RateData.xcdatamodeld */,
			);
			path = CoreData;
			sourceTree = "<group>";
		};
/* End PBXGroup section */

/* Begin PBXNativeTarget section */
		3AD3FA032684CCCB006C7CE5 /* DollarRate */ = {
			isa = PBXNativeTarget;
			buildConfigurationList = 3AD3FA182684CCCC006C7CE5 /* Build configuration list for PBXNativeTarget "DollarRate" */;
			buildPhases = (
				3AD3FA002684CCCB006C7CE5 /* Sources */,
				3AD3FA012684CCCB006C7CE5 /* Frameworks */,
				3AD3FA022684CCCB006C7CE5 /* Resources */,
			);
			buildRules = (
			);
			dependencies = (
			);
			name = DollarRate;
			productName = DollarRate;
			productReference = 3AD3FA042684CCCB006C7CE5 /* DollarRate.app */;
			productType = "com.apple.product-type.application";
		};
/* End PBXNativeTarget section */

/* Begin PBXProject section */
		3AD3F9FC2684CCCB006C7CE5 /* Project object */ = {
			isa = PBXProject;
			attributes = {
				LastSwiftUpdateCheck = 1250;
				LastUpgradeCheck = 1250;
				TargetAttributes = {
					3AD3FA032684CCCB006C7CE5 = {
						CreatedOnToolsVersion = 12.5;
					};
				};
			};
			buildConfigurationList = 3AD3F9FF2684CCCB006C7CE5 /* Build configuration list for PBXProject "DollarRate" */;
			compatibilityVersion = "Xcode 9.3";
			developmentRegion = en;
			hasScannedForEncodings = 0;
			knownRegions = (
				en,
				Base,
			);
			mainGroup = 3AD3F9FB2684CCCB006C7CE5;
			productRefGroup = 3AD3FA052684CCCB006C7CE5 /* Products */;
			projectDirPath = "";
			projectRoot = "";
			targets = (
				3AD3FA032684CCCB006C7CE5 /* DollarRate */,
			);
		};
/* End PBXProject section */

/* Begin PBXResourcesBuildPhase section */
		3AD3FA022684CCCB006C7CE5 /* Resources */ = {
			isa = PBXResourcesBuildPhase;
			buildActionMask = 2147483647;
			files = (
				3AD3FA142684CCCC006C7CE5 /* LaunchScreen.storyboard in Resources */,
				3AD3FA112684CCCC006C7CE5 /* Assets.xcassets in Resources */,
			);
			runOnlyForDeploymentPostprocessing = 0;
		};
/* End PBXResourcesBuildPhase section */

/* Begin PBXSourcesBuildPhase section */
		3AD3FA002684CCCB006C7CE5 /* Sources */ = {
			isa = PBXSourcesBuildPhase;
			buildActionMask = 2147483647;
			files = (
				3AF4F50426852183004165B9 /* RateTableHeaderView.swift in Sources */,
				3AF4F4FE2685153D004165B9 /* Parser.swift in Sources */,
				3AD3FA1C2684DFE0006C7CE5 /* Rate.swift in Sources */,
				3AF4F51226853262004165B9 /* RateData.xcdatamodeld in Sources */,
				3AF4F515268532C2004165B9 /* RateDataModel+CoreDataClass.swift in Sources */,
				3AD3FA0C2684CCCB006C7CE5 /* RateViewController.swift in Sources */,
				3AF4F50E2685302C004165B9 /* CoreDataStack.swift in Sources */,
				3AF4F51926854601004165B9 /* RateViewControllerDelegate.swift in Sources */,
				3AF4F516268532C2004165B9 /* RateDataModel+CoreDataProperties.swift in Sources */,
				3AD3FA082684CCCB006C7CE5 /* AppDelegate.swift in Sources */,
				3AF4F5002685155E004165B9 /* FetchDate.swift in Sources */,
			);
			runOnlyForDeploymentPostprocessing = 0;
		};
/* End PBXSourcesBuildPhase section */

/* Begin PBXVariantGroup section */
		3AD3FA122684CCCC006C7CE5 /* LaunchScreen.storyboard */ = {
			isa = PBXVariantGroup;
			children = (
				3AD3FA132684CCCC006C7CE5 /* Base */,
			);
			name = LaunchScreen.storyboard;
			sourceTree = "<group>";
		};
/* End PBXVariantGroup section */

/* Begin XCBuildConfiguration section */
		3AD3FA162684CCCC006C7CE5 /* Debug */ = {
			isa = XCBuildConfiguration;
			buildSettings = {
				ALWAYS_SEARCH_USER_PATHS = NO;
				CLANG_ANALYZER_NONNULL = YES;
				CLANG_ANALYZER_NUMBER_OBJECT_CONVERSION = YES_AGGRESSIVE;
				CLANG_CXX_LANGUAGE_STANDARD = "gnu++14";
				CLANG_CXX_LIBRARY = "libc++";
				CLANG_ENABLE_MODULES = YES;
				CLANG_ENABLE_OBJC_ARC = YES;
				CLANG_ENABLE_OBJC_WEAK = YES;
				CLANG_WARN_BLOCK_CAPTURE_AUTORELEASING = YES;
				CLANG_WARN_BOOL_CONVERSION = YES;
				CLANG_WARN_COMMA = YES;
				CLANG_WARN_CONSTANT_CONVERSION = YES;
				CLANG_WARN_DEPRECATED_OBJC_IMPLEMENTATIONS = YES;
				CLANG_WARN_DIRECT_OBJC_ISA_USAGE = YES_ERROR;
				CLANG_WARN_DOCUMENTATION_COMMENTS = YES;
				CLANG_WARN_EMPTY_BODY = YES;
				CLANG_WARN_ENUM_CONVERSION = YES;
				CLANG_WARN_INFINITE_RECURSION = YES;
				CLANG_WARN_INT_CONVERSION = YES;
				CLANG_WARN_NON_LITERAL_NULL_CONVERSION = YES;
				CLANG_WARN_OBJC_IMPLICIT_RETAIN_SELF = YES;
				CLANG_WARN_OBJC_LITERAL_CONVERSION = YES;
				CLANG_WARN_OBJC_ROOT_CLASS = YES_ERROR;
				CLANG_WARN_QUOTED_INCLUDE_IN_FRAMEWORK_HEADER = YES;
				CLANG_WARN_RANGE_LOOP_ANALYSIS = YES;
				CLANG_WARN_STRICT_PROTOTYPES = YES;
				CLANG_WARN_SUSPICIOUS_MOVE = YES;
				CLANG_WARN_UNGUARDED_AVAILABILITY = YES_AGGRESSIVE;
				CLANG_WARN_UNREACHABLE_CODE = YES;
				CLANG_WARN__DUPLICATE_METHOD_MATCH = YES;
				COPY_PHASE_STRIP = NO;
				DEBUG_INFORMATION_FORMAT = dwarf;
				ENABLE_STRICT_OBJC_MSGSEND = YES;
				ENABLE_TESTABILITY = YES;
				GCC_C_LANGUAGE_STANDARD = gnu11;
				GCC_DYNAMIC_NO_PIC = NO;
				GCC_NO_COMMON_BLOCKS = YES;
				GCC_OPTIMIZATION_LEVEL = 0;
				GCC_PREPROCESSOR_DEFINITIONS = (
					"DEBUG=1",
					"$(inherited)",
				);
				GCC_WARN_64_TO_32_BIT_CONVERSION = YES;
				GCC_WARN_ABOUT_RETURN_TYPE = YES_ERROR;
				GCC_WARN_UNDECLARED_SELECTOR = YES;
				GCC_WARN_UNINITIALIZED_AUTOS = YES_AGGRESSIVE;
				GCC_WARN_UNUSED_FUNCTION = YES;
				GCC_WARN_UNUSED_VARIABLE = YES;
				IPHONEOS_DEPLOYMENT_TARGET = 14.5;
				MTL_ENABLE_DEBUG_INFO = INCLUDE_SOURCE;
				MTL_FAST_MATH = YES;
				ONLY_ACTIVE_ARCH = YES;
				SDKROOT = iphoneos;
				SWIFT_ACTIVE_COMPILATION_CONDITIONS = DEBUG;
				SWIFT_OPTIMIZATION_LEVEL = "-Onone";
			};
			name = Debug;
		};
		3AD3FA172684CCCC006C7CE5 /* Release */ = {
			isa = XCBuildConfiguration;
			buildSettings = {
				ALWAYS_SEARCH_USER_PATHS = NO;
				CLANG_ANALYZER_NONNULL = YES;
				CLANG_ANALYZER_NUMBER_OBJECT_CONVERSION = YES_AGGRESSIVE;
				CLANG_CXX_LANGUAGE_STANDARD = "gnu++14";
				CLANG_CXX_LIBRARY = "libc++";
				CLANG_ENABLE_MODULES = YES;
				CLANG_ENABLE_OBJC_ARC = YES;
				CLANG_ENABLE_OBJC_WEAK = YES;
				CLANG_WARN_BLOCK_CAPTURE_AUTORELEASING = YES;
				CLANG_WARN_BOOL_CONVERSION = YES;
				CLANG_WARN_COMMA = YES;
				CLANG_WARN_CONSTANT_CONVERSION = YES;
				CLANG_WARN_DEPRECATED_OBJC_IMPLEMENTATIONS = YES;
				CLANG_WARN_DIRECT_OBJC_ISA_USAGE = YES_ERROR;
				CLANG_WARN_DOCUMENTATION_COMMENTS = YES;
				CLANG_WARN_EMPTY_BODY = YES;
				CLANG_WARN_ENUM_CONVERSION = YES;
				CLANG_WARN_INFINITE_RECURSION = YES;
				CLANG_WARN_INT_CONVERSION = YES;
				CLANG_WARN_NON_LITERAL_NULL_CONVERSION = YES;
				CLANG_WARN_OBJC_IMPLICIT_RETAIN_SELF = YES;
				CLANG_WARN_OBJC_LITERAL_CONVERSION = YES;
				CLANG_WARN_OBJC_ROOT_CLASS = YES_ERROR;
				CLANG_WARN_QUOTED_INCLUDE_IN_FRAMEWORK_HEADER = YES;
				CLANG_WARN_RANGE_LOOP_ANALYSIS = YES;
				CLANG_WARN_STRICT_PROTOTYPES = YES;
				CLANG_WARN_SUSPICIOUS_MOVE = YES;
				CLANG_WARN_UNGUARDED_AVAILABILITY = YES_AGGRESSIVE;
				CLANG_WARN_UNREACHABLE_CODE = YES;
				CLANG_WARN__DUPLICATE_METHOD_MATCH = YES;
				COPY_PHASE_STRIP = NO;
				DEBUG_INFORMATION_FORMAT = "dwarf-with-dsym";
				ENABLE_NS_ASSERTIONS = NO;
				ENABLE_STRICT_OBJC_MSGSEND = YES;
				GCC_C_LANGUAGE_STANDARD = gnu11;
				GCC_NO_COMMON_BLOCKS = YES;
				GCC_WARN_64_TO_32_BIT_CONVERSION = YES;
				GCC_WARN_ABOUT_RETURN_TYPE = YES_ERROR;
				GCC_WARN_UNDECLARED_SELECTOR = YES;
				GCC_WARN_UNINITIALIZED_AUTOS = YES_AGGRESSIVE;
				GCC_WARN_UNUSED_FUNCTION = YES;
				GCC_WARN_UNUSED_VARIABLE = YES;
				IPHONEOS_DEPLOYMENT_TARGET = 14.5;
				MTL_ENABLE_DEBUG_INFO = NO;
				MTL_FAST_MATH = YES;
				SDKROOT = iphoneos;
				SWIFT_COMPILATION_MODE = wholemodule;
				SWIFT_OPTIMIZATION_LEVEL = "-O";
				VALIDATE_PRODUCT = YES;
			};
			name = Release;
		};
		3AD3FA192684CCCC006C7CE5 /* Debug */ = {
			isa = XCBuildConfiguration;
			buildSettings = {
				ASSETCATALOG_COMPILER_APPICON_NAME = AppIcon;
				ASSETCATALOG_COMPILER_GLOBAL_ACCENT_COLOR_NAME = AccentColor;
				CODE_SIGN_STYLE = Automatic;
				DEVELOPMENT_TEAM = 7MH8KA7J8V;
				INFOPLIST_FILE = DollarRate/Info.plist;
				LD_RUNPATH_SEARCH_PATHS = (
					"$(inherited)",
					"@executable_path/Frameworks",
				);
				PRODUCT_BUNDLE_IDENTIFIER = com.kirilltila.DollarRate;
				PRODUCT_NAME = "$(TARGET_NAME)";
				SWIFT_VERSION = 5.0;
				TARGETED_DEVICE_FAMILY = "1,2";
			};
			name = Debug;
		};
		3AD3FA1A2684CCCC006C7CE5 /* Release */ = {
			isa = XCBuildConfiguration;
			buildSettings = {
				ASSETCATALOG_COMPILER_APPICON_NAME = AppIcon;
				ASSETCATALOG_COMPILER_GLOBAL_ACCENT_COLOR_NAME = AccentColor;
				CODE_SIGN_STYLE = Automatic;
				DEVELOPMENT_TEAM = 7MH8KA7J8V;
				INFOPLIST_FILE = DollarRate/Info.plist;
				LD_RUNPATH_SEARCH_PATHS = (
					"$(inherited)",
					"@executable_path/Frameworks",
				);
				PRODUCT_BUNDLE_IDENTIFIER = com.kirilltila.DollarRate;
				PRODUCT_NAME = "$(TARGET_NAME)";
				SWIFT_VERSION = 5.0;
				TARGETED_DEVICE_FAMILY = "1,2";
			};
			name = Release;
		};
/* End XCBuildConfiguration section */

/* Begin XCConfigurationList section */
		3AD3F9FF2684CCCB006C7CE5 /* Build configuration list for PBXProject "DollarRate" */ = {
			isa = XCConfigurationList;
			buildConfigurations = (
				3AD3FA162684CCCC006C7CE5 /* Debug */,
				3AD3FA172684CCCC006C7CE5 /* Release */,
			);
			defaultConfigurationIsVisible = 0;
			defaultConfigurationName = Release;
		};
		3AD3FA182684CCCC006C7CE5 /* Build configuration list for PBXNativeTarget "DollarRate" */ = {
			isa = XCConfigurationList;
			buildConfigurations = (
				3AD3FA192684CCCC006C7CE5 /* Debug */,
				3AD3FA1A2684CCCC006C7CE5 /* Release */,
			);
			defaultConfigurationIsVisible = 0;
			defaultConfigurationName = Release;
		};
/* End XCConfigurationList section */

/* Begin XCVersionGroup section */
		3AF4F51026853262004165B9 /* RateData.xcdatamodeld */ = {
			isa = XCVersionGroup;
			children = (
				3AF4F51126853262004165B9 /* RateData.xcdatamodel */,
			);
			currentVersion = 3AF4F51126853262004165B9 /* RateData.xcdatamodel */;
			path = RateData.xcdatamodeld;
			sourceTree = "<group>";
			versionGroupType = wrapper.xcdatamodel;
		};
/* End XCVersionGroup section */
	};
	rootObject = 3AD3F9FC2684CCCB006C7CE5 /* Project object */;
}
